
Microsoft Visual Studio Solution File, Format Version 12.00
# Visual Studio Version 16
VisualStudioVersion = 16.0.31729.503
MinimumVisualStudioVersion = 10.0.40219.1
Project("{FAE04EC0-301F-11D3-BF4B-00C04F79EFBC}") = "BicycleStoreMVC", "BicycleStoreMVC.csproj", "{098F9F61-DC35-4AC0-9DCF-ABBE05486391}"
EndProject
Global
	GlobalSection(SolutionConfigurationPlatforms) = preSolution
		Debug|Any CPU = Debug|Any CPU
		Release|Any CPU = Release|Any CPU
	EndGlobalSection
	GlobalSection(ProjectConfigurationPlatforms) = postSolution
		{098F9F61-DC35-4AC0-9DCF-ABBE05486391}.Debug|Any CPU.ActiveCfg = Debug|Any CPU
		{098F9F61-DC35-4AC0-9DCF-ABBE05486391}.Debug|Any CPU.Build.0 = Debug|Any CPU
		{098F9F61-DC35-4AC0-9DCF-ABBE05486391}.Release|Any CPU.ActiveCfg = Release|Any CPU
		{098F9F61-DC35-4AC0-9DCF-ABBE05486391}.Release|Any CPU.Build.0 = Release|Any CPU
	EndGlobalSection
	GlobalSection(SolutionProperties) = preSolution
		HideSolutionNode = FALSE
	EndGlobalSection
	GlobalSection(ExtensibilityGlobals) = postSolution
		SolutionGuid = {E8EC0969-79BE-4F73-9218-810477A419E5}
	EndGlobalSection
EndGlobal
